
Microsoft Visual Studio Solution File, Format Version 12.00
# Visual Studio 15
VisualStudioVersion = 15.0.26730.8
MinimumVisualStudioVersion = 10.0.40219.1
Project("{FAE04EC0-301F-11D3-BF4B-00C04F79EFBC}") = "WinSystemFunction", "WinSystemFunction\WinSystemFunction.csproj", "{2DFA363C-6E65-4715-A93E-DBA7C819E40F}"
EndProject
Project("{FAE04EC0-301F-11D3-BF4B-00C04F79EFBC}") = "WebAPI", "WebAPI\WebAPI.csproj", "{60A60787-E8CB-42BB-87BB-5DB38966572A}"
EndProject
Global
	GlobalSection(SolutionConfigurationPlatforms) = preSolution
		Debug|Any CPU = Debug|Any CPU
		Debug|x86 = Debug|x86
		Release|Any CPU = Release|Any CPU
		Release|x86 = Release|x86
	EndGlobalSection
	GlobalSection(ProjectConfigurationPlatforms) = postSolution
		{2DFA363C-6E65-4715-A93E-DBA7C819E40F}.Debug|Any CPU.ActiveCfg = Debug|Any CPU
		{2DFA363C-6E65-4715-A93E-DBA7C819E40F}.Debug|Any CPU.Build.0 = Debug|Any CPU
		{2DFA363C-6E65-4715-A93E-DBA7C819E40F}.Debug|x86.ActiveCfg = Debug|x86
		{2DFA363C-6E65-4715-A93E-DBA7C819E40F}.Debug|x86.Build.0 = Debug|x86
		{2DFA363C-6E65-4715-A93E-DBA7C819E40F}.Release|Any CPU.ActiveCfg = Release|Any CPU
		{2DFA363C-6E65-4715-A93E-DBA7C819E40F}.Release|Any CPU.Build.0 = Release|Any CPU
		{2DFA363C-6E65-4715-A93E-DBA7C819E40F}.Release|x86.ActiveCfg = Release|x86
		{2DFA363C-6E65-4715-A93E-DBA7C819E40F}.Release|x86.Build.0 = Release|x86
		{60A60787-E8CB-42BB-87BB-5DB38966572A}.Debug|Any CPU.ActiveCfg = Debug|Any CPU
		{60A60787-E8CB-42BB-87BB-5DB38966572A}.Debug|Any CPU.Build.0 = Debug|Any CPU
		{60A60787-E8CB-42BB-87BB-5DB38966572A}.Debug|x86.ActiveCfg = Debug|Any CPU
		{60A60787-E8CB-42BB-87BB-5DB38966572A}.Debug|x86.Build.0 = Debug|Any CPU
		{60A60787-E8CB-42BB-87BB-5DB38966572A}.Release|Any CPU.ActiveCfg = Release|Any CPU
		{60A60787-E8CB-42BB-87BB-5DB38966572A}.Release|Any CPU.Build.0 = Release|Any CPU
		{60A60787-E8CB-42BB-87BB-5DB38966572A}.Release|x86.ActiveCfg = Release|Any CPU
		{60A60787-E8CB-42BB-87BB-5DB38966572A}.Release|x86.Build.0 = Release|Any CPU
	EndGlobalSection
	GlobalSection(SolutionProperties) = preSolution
		HideSolutionNode = FALSE
	EndGlobalSection
	GlobalSection(ExtensibilityGlobals) = postSolution
		SolutionGuid = {57F41672-64EF-4E13-9A65-5637E7EA9FF7}
	EndGlobalSection
EndGlobal
